{
  "version": 4,
  "terraform_version": "1.13.5",
  "serial": 44,
  "lineage": "c643c9eb-fc4e-d44a-fc4e-4df0d4d57dc5",
  "outputs": {
    "bigquery_dataset": {
      "value": "analytics",
      "type": "string"
    },
    "bucket_name": {
      "value": "iaas-for-data-data",
      "type": "string"
    },
    "run_url": {
      "value": "https://ingest-ssciehku7a-uc.a.run.app",
      "type": "string"
    }
  },
  "resources": [
    {
      "module": "module.bigquery",
      "mode": "managed",
      "type": "google_bigquery_dataset",
      "name": "analytics",
      "provider": "provider[\"registry.terraform.io/hashicorp/google\"]",
      "instances": [
        {
          "schema_version": 0,
          "attributes": {
            "access": [
              {
                "condition": [],
                "dataset": [],
                "domain": "",
                "group_by_email": "",
                "iam_member": "",
                "role": "OWNER",
                "routine": [],
                "special_group": "",
                "user_by_email": "chmielaq@gmail.com",
                "view": []
              },
              {
                "condition": [],
                "dataset": [],
                "domain": "",
                "group_by_email": "",
                "iam_member": "",
                "role": "OWNER",
                "routine": [],
                "special_group": "projectOwners",
                "user_by_email": "",
                "view": []
              },
              {
                "condition": [],
                "dataset": [],
                "domain": "",
                "group_by_email": "",
                "iam_member": "",
                "role": "READER",
                "routine": [],
                "special_group": "projectReaders",
                "user_by_email": "",
                "view": []
              },
              {
                "condition": [],
                "dataset": [],
                "domain": "",
                "group_by_email": "",
                "iam_member": "",
                "role": "WRITER",
                "routine": [],
                "special_group": "",
                "user_by_email": "ingest-runner@iaas-for-data.iam.gserviceaccount.com",
                "view": []
              },
              {
                "condition": [],
                "dataset": [],
                "domain": "",
                "group_by_email": "",
                "iam_member": "",
                "role": "WRITER",
                "routine": [],
                "special_group": "projectWriters",
                "user_by_email": "",
                "view": []
              }
            ],
            "creation_time": 1762769090959,
            "dataset_id": "analytics",
            "default_collation": "",
            "default_encryption_configuration": [],
            "default_partition_expiration_ms": 0,
            "default_table_expiration_ms": 0,
            "delete_contents_on_destroy": false,
            "description": "",
            "effective_labels": {
              "goog-terraform-provisioned": "true"
            },
            "etag": "ghROphaJ+WZemm9iME5Gkg==",
            "external_catalog_dataset_options": [],
            "external_dataset_reference": [],
            "friendly_name": "",
            "id": "projects/iaas-for-data/datasets/analytics",
            "is_case_insensitive": false,
            "labels": {},
            "last_modified_time": 1762770453015,
            "location": "US",
            "max_time_travel_hours": "168",
            "project": "iaas-for-data",
            "resource_tags": {},
            "self_link": "https://bigquery.googleapis.com/bigquery/v2/projects/iaas-for-data/datasets/analytics",
            "storage_billing_model": "",
            "terraform_labels": {
              "goog-terraform-provisioned": "true"
            },
            "timeouts": null
          },
          "sensitive_attributes": [],
          "identity_schema_version": 0,
          "private": "eyJlMmJmYjczMC1lY2FhLTExZTYtOGY4OC0zNDM2M2JjN2M0YzAiOnsiY3JlYXRlIjoxMjAwMDAwMDAwMDAwLCJkZWxldGUiOjEyMDAwMDAwMDAwMDAsInVwZGF0ZSI6MTIwMDAwMDAwMDAwMH19"
        }
      ]
    },
    {
      "module": "module.bigquery",
      "mode": "managed",
      "type": "google_bigquery_table",
      "name": "raw_fx_rates",
      "provider": "provider[\"registry.terraform.io/hashicorp/google\"]",
      "instances": [
        {
          "schema_version": 0,
          "attributes": {
            "biglake_configuration": [],
            "clustering": null,
            "creation_time": 1762769091528,
            "dataset_id": "analytics",
            "deletion_protection": true,
            "description": "",
            "effective_labels": {
              "goog-terraform-provisioned": "true"
            },
            "encryption_configuration": [],
            "etag": "arYH9oiQSXL47I/631MNag==",
            "expiration_time": 0,
            "external_catalog_table_options": [],
            "external_data_configuration": [],
            "friendly_name": "",
            "generated_schema_columns": "",
            "id": "projects/iaas-for-data/datasets/analytics/tables/raw_fx_rates",
            "ignore_auto_generated_schema": false,
            "ignore_schema_changes": null,
            "labels": {},
            "last_modified_time": 1762769091647,
            "location": "US",
            "materialized_view": [],
            "max_staleness": "",
            "num_bytes": 0,
            "num_long_term_bytes": 0,
            "num_rows": 0,
            "project": "iaas-for-data",
            "range_partitioning": [],
            "require_partition_filter": false,
            "resource_tags": {},
            "schema": "[{\"mode\":\"NULLABLE\",\"name\":\"date\",\"type\":\"DATE\"},{\"mode\":\"NULLABLE\",\"name\":\"currency\",\"type\":\"STRING\"},{\"mode\":\"NULLABLE\",\"name\":\"rate\",\"type\":\"FLOAT\"},{\"mode\":\"REQUIRED\",\"name\":\"ingestion_date\",\"type\":\"DATE\"}]",
            "schema_foreign_type_info": [],
            "self_link": "https://bigquery.googleapis.com/bigquery/v2/projects/iaas-for-data/datasets/analytics/tables/raw_fx_rates",
            "table_constraints": [],
            "table_id": "raw_fx_rates",
            "table_metadata_view": null,
            "table_replication_info": [],
            "terraform_labels": {
              "goog-terraform-provisioned": "true"
            },
            "time_partitioning": [
              {
                "expiration_ms": 0,
                "field": "ingestion_date",
                "require_partition_filter": false,
                "type": "DAY"
              }
            ],
            "type": "TABLE",
            "view": []
          },
          "sensitive_attributes": [],
          "identity_schema_version": 0,
          "private": "bnVsbA==",
          "dependencies": [
            "module.bigquery.google_bigquery_dataset.analytics"
          ]
        }
      ]
    },
    {
      "module": "module.cloud_run",
      "mode": "managed",
      "type": "google_bigquery_dataset_iam_member",
      "name": "ingest_bq_editor",
      "provider": "provider[\"registry.terraform.io/hashicorp/google\"]",
      "instances": [
        {
          "schema_version": 0,
          "attributes": {
            "condition": [],
            "dataset_id": "analytics",
            "etag": "",
            "id": "projects/iaas-for-data/datasets/analytics/roles/bigquery.dataEditor/serviceAccount:ingest-runner@iaas-for-data.iam.gserviceaccount.com",
            "member": "serviceAccount:ingest-runner@iaas-for-data.iam.gserviceaccount.com",
            "project": "iaas-for-data",
            "role": "roles/bigquery.dataEditor"
          },
          "sensitive_attributes": [],
          "identity_schema_version": 0,
          "private": "bnVsbA==",
          "dependencies": [
            "module.bigquery.google_bigquery_dataset.analytics",
            "module.iam.google_service_account.ingest_runner"
          ]
        }
      ]
    },
    {
      "module": "module.cloud_run",
      "mode": "managed",
      "type": "google_cloud_run_v2_service",
      "name": "ingest",
      "provider": "provider[\"registry.terraform.io/hashicorp/google\"]",
      "instances": [
        {
          "schema_version": 0,
          "attributes": {
            "annotations": {},
            "binary_authorization": [],
            "build_config": [],
            "client": "",
            "client_version": "",
            "conditions": [
              {
                "execution_reason": "",
                "last_transition_time": "2025-11-10T12:24:04.416558Z",
                "message": "",
                "reason": "",
                "revision_reason": "",
                "severity": "",
                "state": "CONDITION_SUCCEEDED",
                "type": "RoutesReady"
              },
              {
                "execution_reason": "",
                "last_transition_time": "2025-11-10T12:09:23.561639Z",
                "message": "",
                "reason": "",
                "revision_reason": "",
                "severity": "",
                "state": "CONDITION_SUCCEEDED",
                "type": "ConfigurationsReady"
              }
            ],
            "create_time": "2025-11-10T10:27:32.825052Z",
            "creator": "chmielaq@gmail.com",
            "custom_audiences": [],
            "delete_time": "",
            "deletion_protection": true,
            "description": "",
            "effective_annotations": {},
            "effective_labels": {
              "goog-terraform-provisioned": "true"
            },
            "etag": "\"COOyx8gGEPDHtgc/cHJvamVjdHMvaWFhcy1mb3ItZGF0YS9sb2NhdGlvbnMvdXMtY2VudHJhbDEvc2VydmljZXMvaW5nZXN0\"",
            "expire_time": "",
            "generation": "4",
            "id": "projects/iaas-for-data/locations/us-central1/services/ingest",
            "ingress": "INGRESS_TRAFFIC_ALL",
            "invoker_iam_disabled": false,
            "labels": {},
            "last_modifier": "chmielaq@gmail.com",
            "latest_created_revision": "projects/iaas-for-data/locations/us-central1/services/ingest/revisions/ingest-00003-22h",
            "latest_ready_revision": "projects/iaas-for-data/locations/us-central1/services/ingest/revisions/ingest-00003-22h",
            "launch_stage": "GA",
            "location": "us-central1",
            "name": "ingest",
            "observed_generation": "4",
            "project": "iaas-for-data",
            "reconciling": false,
            "scaling": [],
            "template": [
              {
                "annotations": {},
                "containers": [
                  {
                    "args": [],
                    "base_image_uri": "",
                    "build_info": [],
                    "command": [],
                    "depends_on": [],
                    "env": [
                      {
                        "name": "BQ_DS",
                        "value": "analytics",
                        "value_source": []
                      },
                      {
                        "name": "BQ_TBL",
                        "value": "raw_fx_rates",
                        "value_source": []
                      },
                      {
                        "name": "BUCKET",
                        "value": "iaas-for-data-data",
                        "value_source": []
                      }
                    ],
                    "image": "us-central1-docker.pkg.dev/iaas-for-data/app-images/ingest:dev",
                    "liveness_probe": [],
                    "name": "",
                    "ports": [
                      {
                        "container_port": 8080,
                        "name": "http1"
                      }
                    ],
                    "resources": [
                      {
                        "cpu_idle": false,
                        "limits": {
                          "cpu": "1000m",
                          "memory": "1Gi"
                        },
                        "startup_cpu_boost": false
                      }
                    ],
                    "startup_probe": [
                      {
                        "failure_threshold": 1,
                        "grpc": [],
                        "http_get": [],
                        "initial_delay_seconds": 0,
                        "period_seconds": 240,
                        "tcp_socket": [
                          {
                            "port": 8080
                          }
                        ],
                        "timeout_seconds": 240
                      }
                    ],
                    "volume_mounts": [],
                    "working_dir": ""
                  }
                ],
                "encryption_key": "",
                "execution_environment": "",
                "gpu_zonal_redundancy_disabled": false,
                "labels": {},
                "max_instance_request_concurrency": 80,
                "node_selector": [],
                "revision": "",
                "scaling": [
                  {
                    "max_instance_count": 1,
                    "min_instance_count": 0
                  }
                ],
                "service_account": "ingest-runner@iaas-for-data.iam.gserviceaccount.com",
                "session_affinity": false,
                "timeout": "60s",
                "volumes": [],
                "vpc_access": []
              }
            ],
            "terminal_condition": [
              {
                "execution_reason": "",
                "last_transition_time": "2025-11-10T12:24:04.456338Z",
                "message": "",
                "reason": "",
                "revision_reason": "",
                "severity": "",
                "state": "CONDITION_SUCCEEDED",
                "type": "Ready"
              }
            ],
            "terraform_labels": {
              "goog-terraform-provisioned": "true"
            },
            "timeouts": null,
            "traffic": [
              {
                "percent": 100,
                "revision": "",
                "tag": "",
                "type": "TRAFFIC_TARGET_ALLOCATION_TYPE_LATEST"
              }
            ],
            "traffic_statuses": [
              {
                "percent": 100,
                "revision": "",
                "tag": "",
                "type": "TRAFFIC_TARGET_ALLOCATION_TYPE_LATEST",
                "uri": ""
              }
            ],
            "uid": "0fc6d58c-dfce-4633-afa2-3d98f48674e6",
            "update_time": "2025-11-10T12:24:03.015574Z",
            "uri": "https://ingest-ssciehku7a-uc.a.run.app",
            "urls": [
              "https://ingest-1055692643049.us-central1.run.app",
              "https://ingest-ssciehku7a-uc.a.run.app"
            ]
          },
          "sensitive_attributes": [],
          "identity_schema_version": 0,
          "private": "eyJlMmJmYjczMC1lY2FhLTExZTYtOGY4OC0zNDM2M2JjN2M0YzAiOnsiY3JlYXRlIjoxMjAwMDAwMDAwMDAwLCJkZWxldGUiOjEyMDAwMDAwMDAwMDAsInVwZGF0ZSI6MTIwMDAwMDAwMDAwMH19",
          "dependencies": [
            "module.bigquery.google_bigquery_dataset.analytics",
            "module.iam.google_service_account.ingest_runner",
            "module.storage.google_storage_bucket.data"
          ]
        }
      ]
    },
    {
      "module": "module.cloud_run",
      "mode": "managed",
      "type": "google_project_iam_member",
      "name": "ingest_bq_jobuser",
      "provider": "provider[\"registry.terraform.io/hashicorp/google\"]",
      "instances": [
        {
          "schema_version": 0,
          "attributes": {
            "condition": [],
            "etag": "BwZDOvrevyM=",
            "id": "iaas-for-data/roles/bigquery.jobUser/serviceAccount:ingest-runner@iaas-for-data.iam.gserviceaccount.com",
            "member": "serviceAccount:ingest-runner@iaas-for-data.iam.gserviceaccount.com",
            "project": "iaas-for-data",
            "role": "roles/bigquery.jobUser"
          },
          "sensitive_attributes": [],
          "identity_schema_version": 0,
          "private": "bnVsbA==",
          "dependencies": [
            "module.iam.google_service_account.ingest_runner"
          ]
        }
      ]
    },
    {
      "module": "module.cloud_run",
      "mode": "managed",
      "type": "google_storage_bucket_iam_member",
      "name": "ingest_gcs",
      "provider": "provider[\"registry.terraform.io/hashicorp/google\"]",
      "instances": [
        {
          "schema_version": 0,
          "attributes": {
            "bucket": "b/iaas-for-data-data",
            "condition": [],
            "etag": "CAI=",
            "id": "b/iaas-for-data-data/roles/storage.objectAdmin/serviceAccount:ingest-runner@iaas-for-data.iam.gserviceaccount.com",
            "member": "serviceAccount:ingest-runner@iaas-for-data.iam.gserviceaccount.com",
            "role": "roles/storage.objectAdmin"
          },
          "sensitive_attributes": [],
          "identity_schema_version": 0,
          "private": "bnVsbA==",
          "dependencies": [
            "module.iam.google_service_account.ingest_runner",
            "module.storage.google_storage_bucket.data"
          ]
        }
      ]
    },
    {
      "module": "module.iam",
      "mode": "managed",
      "type": "google_service_account",
      "name": "ingest_runner",
      "provider": "provider[\"registry.terraform.io/hashicorp/google\"]",
      "instances": [
        {
          "schema_version": 0,
          "attributes": {
            "account_id": "ingest-runner",
            "create_ignore_already_exists": null,
            "description": "",
            "disabled": false,
            "display_name": "Ingest Runner",
            "email": "ingest-runner@iaas-for-data.iam.gserviceaccount.com",
            "id": "projects/iaas-for-data/serviceAccounts/ingest-runner@iaas-for-data.iam.gserviceaccount.com",
            "member": "serviceAccount:ingest-runner@iaas-for-data.iam.gserviceaccount.com",
            "name": "projects/iaas-for-data/serviceAccounts/ingest-runner@iaas-for-data.iam.gserviceaccount.com",
            "project": "iaas-for-data",
            "timeouts": null,
            "unique_id": "113297680518635454827"
          },
          "sensitive_attributes": [],
          "identity_schema_version": 0,
          "private": "eyJlMmJmYjczMC1lY2FhLTExZTYtOGY4OC0zNDM2M2JjN2M0YzAiOnsiY3JlYXRlIjozMDAwMDAwMDAwMDB9LCJzY2hlbWFfdmVyc2lvbiI6IjAifQ=="
        }
      ]
    },
    {
      "module": "module.iam",
      "mode": "managed",
      "type": "google_service_account",
      "name": "scheduler_invoker",
      "provider": "provider[\"registry.terraform.io/hashicorp/google\"]",
      "instances": [
        {
          "schema_version": 0,
          "attributes": {
            "account_id": "scheduler-invoker",
            "create_ignore_already_exists": null,
            "description": "",
            "disabled": false,
            "display_name": "Scheduler Invoker",
            "email": "scheduler-invoker@iaas-for-data.iam.gserviceaccount.com",
            "id": "projects/iaas-for-data/serviceAccounts/scheduler-invoker@iaas-for-data.iam.gserviceaccount.com",
            "member": "serviceAccount:scheduler-invoker@iaas-for-data.iam.gserviceaccount.com",
            "name": "projects/iaas-for-data/serviceAccounts/scheduler-invoker@iaas-for-data.iam.gserviceaccount.com",
            "project": "iaas-for-data",
            "timeouts": null,
            "unique_id": "116016944702189817088"
          },
          "sensitive_attributes": [],
          "identity_schema_version": 0,
          "private": "eyJlMmJmYjczMC1lY2FhLTExZTYtOGY4OC0zNDM2M2JjN2M0YzAiOnsiY3JlYXRlIjozMDAwMDAwMDAwMDB9LCJzY2hlbWFfdmVyc2lvbiI6IjAifQ=="
        }
      ]
    },
    {
      "module": "module.scheduler",
      "mode": "managed",
      "type": "google_cloud_run_v2_service_iam_member",
      "name": "invoker",
      "provider": "provider[\"registry.terraform.io/hashicorp/google\"]",
      "instances": [
        {
          "schema_version": 0,
          "attributes": {
            "condition": [],
            "etag": "BwZDOze2JU4=",
            "id": "projects/iaas-for-data/locations/us-central1/services/ingest/roles/run.invoker/serviceAccount:scheduler-invoker@iaas-for-data.iam.gserviceaccount.com",
            "location": "us-central1",
            "member": "serviceAccount:scheduler-invoker@iaas-for-data.iam.gserviceaccount.com",
            "name": "projects/iaas-for-data/locations/us-central1/services/ingest",
            "project": "iaas-for-data",
            "role": "roles/run.invoker"
          },
          "sensitive_attributes": [],
          "identity_schema_version": 0,
          "private": "bnVsbA==",
          "dependencies": [
            "module.iam.google_service_account.scheduler_invoker"
          ]
        }
      ]
    },
    {
      "module": "module.scheduler",
      "mode": "managed",
      "type": "google_cloud_scheduler_job",
      "name": "daily_ingest",
      "provider": "provider[\"registry.terraform.io/hashicorp/google\"]",
      "instances": [
        {
          "schema_version": 0,
          "attributes": {
            "app_engine_http_target": [],
            "attempt_deadline": "180s",
            "description": "",
            "http_target": [
              {
                "body": "e30=",
                "headers": {},
                "http_method": "POST",
                "oauth_token": [],
                "oidc_token": [
                  {
                    "audience": "https://ingest-ssciehku7a-uc.a.run.app",
                    "service_account_email": "scheduler-invoker@iaas-for-data.iam.gserviceaccount.com"
                  }
                ],
                "uri": "https://ingest-ssciehku7a-uc.a.run.app/"
              }
            ],
            "id": "projects/iaas-for-data/locations/us-central1/jobs/daily-ingest",
            "name": "daily-ingest",
            "paused": false,
            "project": "iaas-for-data",
            "pubsub_target": [],
            "region": "us-central1",
            "retry_config": [],
            "schedule": "0 5 * * *",
            "state": "ENABLED",
            "time_zone": "UTC",
            "timeouts": null
          },
          "sensitive_attributes": [],
          "identity_schema_version": 0,
          "private": "eyJlMmJmYjczMC1lY2FhLTExZTYtOGY4OC0zNDM2M2JjN2M0YzAiOnsiY3JlYXRlIjoxMjAwMDAwMDAwMDAwLCJkZWxldGUiOjEyMDAwMDAwMDAwMDAsInVwZGF0ZSI6MTIwMDAwMDAwMDAwMH19",
          "dependencies": [
            "module.bigquery.google_bigquery_dataset.analytics",
            "module.cloud_run.google_cloud_run_v2_service.ingest",
            "module.iam.google_service_account.ingest_runner",
            "module.iam.google_service_account.scheduler_invoker",
            "module.storage.google_storage_bucket.data"
          ]
        }
      ]
    },
    {
      "module": "module.storage",
      "mode": "managed",
      "type": "google_storage_bucket",
      "name": "data",
      "provider": "provider[\"registry.terraform.io/hashicorp/google\"]",
      "instances": [
        {
          "schema_version": 3,
          "attributes": {
            "autoclass": [],
            "cors": [],
            "custom_placement_config": [],
            "default_event_based_hold": false,
            "effective_labels": {
              "goog-terraform-provisioned": "true"
            },
            "enable_object_retention": false,
            "encryption": [],
            "force_destroy": true,
            "hierarchical_namespace": [
              {
                "enabled": false
              }
            ],
            "id": "iaas-for-data-data",
            "ip_filter": [],
            "labels": {},
            "lifecycle_rule": [
              {
                "action": [
                  {
                    "storage_class": "",
                    "type": "Delete"
                  }
                ],
                "condition": [
                  {
                    "age": 30,
                    "created_before": "",
                    "custom_time_before": "",
                    "days_since_custom_time": 0,
                    "days_since_noncurrent_time": 0,
                    "matches_prefix": [],
                    "matches_storage_class": [],
                    "matches_suffix": [],
                    "noncurrent_time_before": "",
                    "num_newer_versions": 0,
                    "send_age_if_zero": false,
                    "send_days_since_custom_time_if_zero": false,
                    "send_days_since_noncurrent_time_if_zero": false,
                    "send_num_newer_versions_if_zero": false,
                    "with_state": "ANY"
                  }
                ]
              }
            ],
            "location": "US",
            "logging": [],
            "name": "iaas-for-data-data",
            "project": "iaas-for-data",
            "project_number": 1055692643049,
            "public_access_prevention": "inherited",
            "requester_pays": false,
            "retention_policy": [],
            "rpo": "DEFAULT",
            "self_link": "https://www.googleapis.com/storage/v1/b/iaas-for-data-data",
            "soft_delete_policy": [
              {
                "effective_time": "2025-11-10T10:04:51.832Z",
                "retention_duration_seconds": 604800
              }
            ],
            "storage_class": "STANDARD",
            "terraform_labels": {
              "goog-terraform-provisioned": "true"
            },
            "time_created": "2025-11-10T10:04:51.832Z",
            "timeouts": null,
            "uniform_bucket_level_access": true,
            "updated": "2025-11-10T10:27:33.442Z",
            "url": "gs://iaas-for-data-data",
            "versioning": [],
            "website": []
          },
          "sensitive_attributes": [],
          "identity_schema_version": 0,
          "private": "eyJlMmJmYjczMC1lY2FhLTExZTYtOGY4OC0zNDM2M2JjN2M0YzAiOnsiY3JlYXRlIjo2MDAwMDAwMDAwMDAsInJlYWQiOjI0MDAwMDAwMDAwMCwidXBkYXRlIjoyNDAwMDAwMDAwMDB9LCJzY2hlbWFfdmVyc2lvbiI6IjMifQ=="
        }
      ]
    }
  ],
  "check_results": null
}
